
Microsoft Visual Studio Solution File, Format Version 12.00
# Visual Studio Version 17
VisualStudioVersion = 17.3.32901.215
MinimumVisualStudioVersion = 10.0.40219.1
Project("{FAE04EC0-301F-11D3-BF4B-00C04F79EFBC}") = "Laba 8-9", "Laba 8-9\Laba 8-9.csproj", "{DCA910EE-9B87-4FE2-A735-91FDEA60B3F2}"
EndProject
Global
	GlobalSection(SolutionConfigurationPlatforms) = preSolution
		Debug|Any CPU = Debug|Any CPU
		Release|Any CPU = Release|Any CPU
	EndGlobalSection
	GlobalSection(ProjectConfigurationPlatforms) = postSolution
		{DCA910EE-9B87-4FE2-A735-91FDEA60B3F2}.Debug|Any CPU.ActiveCfg = Debug|Any CPU
		{DCA910EE-9B87-4FE2-A735-91FDEA60B3F2}.Debug|Any CPU.Build.0 = Debug|Any CPU
		{DCA910EE-9B87-4FE2-A735-91FDEA60B3F2}.Release|Any CPU.ActiveCfg = Release|Any CPU
		{DCA910EE-9B87-4FE2-A735-91FDEA60B3F2}.Release|Any CPU.Build.0 = Release|Any CPU
	EndGlobalSection
	GlobalSection(SolutionProperties) = preSolution
		HideSolutionNode = FALSE
	EndGlobalSection
	GlobalSection(ExtensibilityGlobals) = postSolution
		SolutionGuid = {A739EE87-B59A-4BF8-9948-946061811B82}
	EndGlobalSection
EndGlobal
