
Microsoft Visual Studio Solution File, Format Version 12.00
# Visual Studio Version 17
VisualStudioVersion = 17.3.32901.215
MinimumVisualStudioVersion = 10.0.40219.1
Project("{FAE04EC0-301F-11D3-BF4B-00C04F79EFBC}") = "Laba 5-6", "Laba 5-6\Laba 5-6.csproj", "{7B5E6E1C-E0A8-4C6E-92B9-EBD7F4FE75BB}"
EndProject
Global
	GlobalSection(SolutionConfigurationPlatforms) = preSolution
		Debug|Any CPU = Debug|Any CPU
		Release|Any CPU = Release|Any CPU
	EndGlobalSection
	GlobalSection(ProjectConfigurationPlatforms) = postSolution
		{7B5E6E1C-E0A8-4C6E-92B9-EBD7F4FE75BB}.Debug|Any CPU.ActiveCfg = Debug|Any CPU
		{7B5E6E1C-E0A8-4C6E-92B9-EBD7F4FE75BB}.Debug|Any CPU.Build.0 = Debug|Any CPU
		{7B5E6E1C-E0A8-4C6E-92B9-EBD7F4FE75BB}.Release|Any CPU.ActiveCfg = Release|Any CPU
		{7B5E6E1C-E0A8-4C6E-92B9-EBD7F4FE75BB}.Release|Any CPU.Build.0 = Release|Any CPU
	EndGlobalSection
	GlobalSection(SolutionProperties) = preSolution
		HideSolutionNode = FALSE
	EndGlobalSection
	GlobalSection(ExtensibilityGlobals) = postSolution
		SolutionGuid = {228B72B7-DD68-466D-AF4B-9FEC4879F9C4}
	EndGlobalSection
EndGlobal
