
Microsoft Visual Studio Solution File, Format Version 12.00
# Visual Studio Version 17
VisualStudioVersion = 17.3.32901.215
MinimumVisualStudioVersion = 10.0.40219.1
Project("{FAE04EC0-301F-11D3-BF4B-00C04F79EFBC}") = "Laba 18-19", "Laba 18-19\Laba 18-19.csproj", "{69CBCC19-ACC2-446F-805D-996C0906BC65}"
EndProject
Global
	GlobalSection(SolutionConfigurationPlatforms) = preSolution
		Debug|Any CPU = Debug|Any CPU
		Release|Any CPU = Release|Any CPU
	EndGlobalSection
	GlobalSection(ProjectConfigurationPlatforms) = postSolution
		{69CBCC19-ACC2-446F-805D-996C0906BC65}.Debug|Any CPU.ActiveCfg = Debug|Any CPU
		{69CBCC19-ACC2-446F-805D-996C0906BC65}.Debug|Any CPU.Build.0 = Debug|Any CPU
		{69CBCC19-ACC2-446F-805D-996C0906BC65}.Release|Any CPU.ActiveCfg = Release|Any CPU
		{69CBCC19-ACC2-446F-805D-996C0906BC65}.Release|Any CPU.Build.0 = Release|Any CPU
	EndGlobalSection
	GlobalSection(SolutionProperties) = preSolution
		HideSolutionNode = FALSE
	EndGlobalSection
	GlobalSection(ExtensibilityGlobals) = postSolution
		SolutionGuid = {89BA9782-0D4C-41AA-B746-3D739EBE76AD}
	EndGlobalSection
EndGlobal
