
Microsoft Visual Studio Solution File, Format Version 12.00
# Visual Studio Version 17
VisualStudioVersion = 17.3.32901.215
MinimumVisualStudioVersion = 10.0.40219.1
Project("{FAE04EC0-301F-11D3-BF4B-00C04F79EFBC}") = "Laba 2", "Laba 2\Laba 2.csproj", "{03268DEB-E75B-42EB-86AD-60B4EDEDF024}"
EndProject
Global
	GlobalSection(SolutionConfigurationPlatforms) = preSolution
		Debug|Any CPU = Debug|Any CPU
		Release|Any CPU = Release|Any CPU
	EndGlobalSection
	GlobalSection(ProjectConfigurationPlatforms) = postSolution
		{03268DEB-E75B-42EB-86AD-60B4EDEDF024}.Debug|Any CPU.ActiveCfg = Debug|Any CPU
		{03268DEB-E75B-42EB-86AD-60B4EDEDF024}.Debug|Any CPU.Build.0 = Debug|Any CPU
		{03268DEB-E75B-42EB-86AD-60B4EDEDF024}.Release|Any CPU.ActiveCfg = Release|Any CPU
		{03268DEB-E75B-42EB-86AD-60B4EDEDF024}.Release|Any CPU.Build.0 = Release|Any CPU
	EndGlobalSection
	GlobalSection(SolutionProperties) = preSolution
		HideSolutionNode = FALSE
	EndGlobalSection
	GlobalSection(ExtensibilityGlobals) = postSolution
		SolutionGuid = {94BB3425-FB6D-4584-9F51-04DECA9F56D7}
	EndGlobalSection
EndGlobal
